github.com/aspose-cells-cloud/aspose-cells-cloud-go/v21 v21.1.0 h1:CUXxCUu9tSuNENBxZ1yrSoVgMyHODbj/YRh0VVmxIIk=
github.com/aspose-cells-cloud/aspose-cells-cloud-go/v21 v21.1.0/go.mod h1:x6SzFN/tuP3ZEZCf+3tzLr7sSbgEBoO8zK6CAusDqM4=
github.com/jstemmer/go-junit-report v0.9.1 h1:6QPYqodiu3GuPL+7mfx+NwDdp2eTkp9IfEUpgAwUN0o=
github.com/jstemmer/go-junit-report v0.9.1/go.mod h1:Brl9GWCQeLvo8nXZwPNNblvFj/XSXhF0NWZEnDohbsk=
